
Microsoft Visual Studio Solution File, Format Version 12.00
# Visual Studio Version 17
VisualStudioVersion = 17.4.33110.190
MinimumVisualStudioVersion = 10.0.40219.1
Project("{FAE04EC0-301F-11D3-BF4B-00C04F79EFBC}") = "WebProductos", "WebProductos\WebProductos.csproj", "{8C03513C-3A4A-417F-A827-58D152F3B3CE}"
EndProject
Global
	GlobalSection(SolutionConfigurationPlatforms) = preSolution
		Debug|Any CPU = Debug|Any CPU
		Release|Any CPU = Release|Any CPU
	EndGlobalSection
	GlobalSection(ProjectConfigurationPlatforms) = postSolution
		{8C03513C-3A4A-417F-A827-58D152F3B3CE}.Debug|Any CPU.ActiveCfg = Debug|Any CPU
		{8C03513C-3A4A-417F-A827-58D152F3B3CE}.Debug|Any CPU.Build.0 = Debug|Any CPU
		{8C03513C-3A4A-417F-A827-58D152F3B3CE}.Release|Any CPU.ActiveCfg = Release|Any CPU
		{8C03513C-3A4A-417F-A827-58D152F3B3CE}.Release|Any CPU.Build.0 = Release|Any CPU
	EndGlobalSection
	GlobalSection(SolutionProperties) = preSolution
		HideSolutionNode = FALSE
	EndGlobalSection
	GlobalSection(ExtensibilityGlobals) = postSolution
		SolutionGuid = {4493F353-34ED-4CA5-8304-9BD336D42FAA}
	EndGlobalSection
EndGlobal
